{
  "name": "mailspring-package-tracker",
  "version": "1.0.0",
  "lockfileVersion": 3,
  "requires": true,
  "packages": {
    "": {
      "name": "mailspring-package-tracker",
      "version": "1.0.0",
      "license": "ISC",
      "dependencies": {
        "ts-tracking-number": "^1.0.17"
      }
    },
    "node_modules/ramda": {
      "version": "0.27.2",
      "resolved": "https://registry.npmjs.org/ramda/-/ramda-0.27.2.tgz",
      "integrity": "sha512-SbiLPU40JuJniHexQSAgad32hfwd+DRUdwF2PlVuI5RZD0/vahUco7R8vD86J/tcEKKF9vZrUVwgtmGCqlCKyA==",
      "license": "MIT"
    },
    "node_modules/ts-tracking-number": {
      "version": "1.0.17",
      "resolved": "https://registry.npmjs.org/ts-tracking-number/-/ts-tracking-number-1.0.17.tgz",
      "integrity": "sha512-zq8Lgjn0+zvtOzKualtYF2WrxlQ0UQ5nOvOa5e6xSSJSwuMuwbMs+lZybUReG0gLYXZomhW00ErgBgP0BapDYQ==",
      "license": "ISC",
      "dependencies": {
        "ramda": "^0.27.0"
      }
    }
  }
}
